lockfileVersion: '9.0'

settings:
  autoInstallPeers: true
  excludeLinksFromLockfile: false

importers:

  .:
    dependencies:
      json-bigint:
        specifier: ^1.0.0
        version: 1.0.0
      json-p3:
        specifier: ^2.2.1
        version: 2.2.1
      yaml:
        specifier: ^2.7.0
        version: 2.7.0
    devDependencies:
      '@types/json-bigint':
        specifier: ^1.0.4
        version: 1.0.4
      '@types/node':
        specifier: ^22.13.5
        version: 22.13.5
      typescript:
        specifier: ^5.7.3
        version: 5.7.3

packages:

  '@types/json-bigint@1.0.4':
    resolution: {integrity: sha512-ydHooXLbOmxBbubnA7Eh+RpBzuaIiQjh8WGJYQB50JFGFrdxW7JzVlyEV7fAXw0T2sqJ1ysTneJbiyNLqZRAag==}

  '@types/node@22.13.5':
    resolution: {integrity: sha512-+lTU0PxZXn0Dr1NBtC7Y8cR21AJr87dLLU953CWA6pMxxv/UDc7jYAY90upcrie1nRcD6XNG5HOYEDtgW5TxAg==}

  bignumber.js@9.1.2:
    resolution: {integrity: sha512-2/mKyZH9K85bzOEfhXDBFZTGd1CTs+5IHpeFQo9luiBG7hghdC851Pj2WAhb6E3R6b9tZj/XKhbg4fum+Kepug==}

  json-bigint@1.0.0:
    resolution: {integrity: sha512-SiPv/8VpZuWbvLSMtTDU8hEfrZWg/mH/nV/b4o0CYbSxu1UIQPLdwKOCIyLQX+VIPO5vrLX3i8qtqFyhdPSUSQ==}

  json-p3@2.2.1:
    resolution: {integrity: sha512-Rxb/mB6tQOqwLgWbvbMDPVNluDbveZWxd3jRp277J6oLJnXLPcUzrZF+w5HtVPyqhtsXICBMclE9D7AaQIbTUg==}

  typescript@5.7.3:
    resolution: {integrity: sha512-84MVSjMEHP+FQRPy3pX9sTVV/INIex71s9TL2Gm5FG/WG1SqXeKyZ0k7/blY/4FdOzI12CBy1vGc4og/eus0fw==}
    engines: {node: '>=14.17'}
    hasBin: true

  undici-types@6.20.0:
    resolution: {integrity: sha512-Ny6QZ2Nju20vw1SRHe3d9jVu6gJ+4e3+MMpqu7pqE5HT6WsTSlce++GQmK5UXS8mzV8DSYHrQH+Xrf2jVcuKNg==}

  yaml@2.7.0:
    resolution: {integrity: sha512-+hSoy/QHluxmC9kCIJyL/uyFmLmc+e5CFR5Wa+bpIhIj85LVb9ZH2nVnqrHoSvKogwODv0ClqZkmiSSaIH5LTA==}
    engines: {node: '>= 14'}
    hasBin: true

snapshots:

  '@types/json-bigint@1.0.4': {}

  '@types/node@22.13.5':
    dependencies:
      undici-types: 6.20.0

  bignumber.js@9.1.2: {}

  json-bigint@1.0.0:
    dependencies:
      bignumber.js: 9.1.2

  json-p3@2.2.1: {}

  typescript@5.7.3: {}

  undici-types@6.20.0: {}

  yaml@2.7.0: {}
